
Microsoft Visual Studio Solution File, Format Version 12.00
# Visual Studio Version 17
VisualStudioVersion = 17.5.33414.496
MinimumVisualStudioVersion = 10.0.40219.1
Project("{9A19103F-16F7-4668-BE54-9A1E7A4F7556}") = "Map_Editor", "Map_Editor\Map_Editor.csproj", "{68779997-AF58-4F38-BADB-22D1ECAEB722}"
EndProject
Global
	GlobalSection(SolutionConfigurationPlatforms) = preSolution
		Debug|x86 = Debug|x86
		Release|x86 = Release|x86
	EndGlobalSection
	GlobalSection(ProjectConfigurationPlatforms) = postSolution
		{68779997-AF58-4F38-BADB-22D1ECAEB722}.Debug|x86.ActiveCfg = Debug|Any CPU
		{68779997-AF58-4F38-BADB-22D1ECAEB722}.Debug|x86.Build.0 = Debug|Any CPU
		{68779997-AF58-4F38-BADB-22D1ECAEB722}.Release|x86.ActiveCfg = Release|x86
		{68779997-AF58-4F38-BADB-22D1ECAEB722}.Release|x86.Build.0 = Release|x86
	EndGlobalSection
	GlobalSection(SolutionProperties) = preSolution
		HideSolutionNode = FALSE
	EndGlobalSection
EndGlobal
